
Microsoft Visual Studio Solution File, Format Version 12.00
# Visual Studio Version 17
VisualStudioVersion = 17.14.36401.2
MinimumVisualStudioVersion = 10.0.40219.1
Project("{FAE04EC0-301F-11D3-BF4B-00C04F79EFBC}") = "HonorarRechner.Wpf", "HonorarRechner.Wpf\HonorarRechner.Wpf.csproj", "{C9AAC97E-7016-4F8C-B517-684A68FC334A}"
EndProject
Project("{FAE04EC0-301F-11D3-BF4B-00C04F79EFBC}") = "HonorarRechner.Core", "..\HonorarRechner.Core\HonorarRechner.Core\HonorarRechner.Core.csproj", "{34E94FBF-7AF4-83AC-A8C5-063E10E8924E}"
EndProject
Global
	GlobalSection(SolutionConfigurationPlatforms) = preSolution
		Debug|Any CPU = Debug|Any CPU
		Release|Any CPU = Release|Any CPU
	EndGlobalSection
	GlobalSection(ProjectConfigurationPlatforms) = postSolution
		{C9AAC97E-7016-4F8C-B517-684A68FC334A}.Debug|Any CPU.ActiveCfg = Debug|Any CPU
		{C9AAC97E-7016-4F8C-B517-684A68FC334A}.Debug|Any CPU.Build.0 = Debug|Any CPU
		{C9AAC97E-7016-4F8C-B517-684A68FC334A}.Release|Any CPU.ActiveCfg = Release|Any CPU
		{C9AAC97E-7016-4F8C-B517-684A68FC334A}.Release|Any CPU.Build.0 = Release|Any CPU
		{34E94FBF-7AF4-83AC-A8C5-063E10E8924E}.Debug|Any CPU.ActiveCfg = Debug|Any CPU
		{34E94FBF-7AF4-83AC-A8C5-063E10E8924E}.Debug|Any CPU.Build.0 = Debug|Any CPU
		{34E94FBF-7AF4-83AC-A8C5-063E10E8924E}.Release|Any CPU.ActiveCfg = Release|Any CPU
		{34E94FBF-7AF4-83AC-A8C5-063E10E8924E}.Release|Any CPU.Build.0 = Release|Any CPU
	EndGlobalSection
	GlobalSection(SolutionProperties) = preSolution
		HideSolutionNode = FALSE
	EndGlobalSection
	GlobalSection(ExtensibilityGlobals) = postSolution
		SolutionGuid = {1EA95C25-8181-43A5-B643-21561C86300E}
	EndGlobalSection
EndGlobal
