
Microsoft Visual Studio Solution File, Format Version 12.00
# Visual Studio Version 17
VisualStudioVersion = 17.14.36401.2 d17.14
MinimumVisualStudioVersion = 10.0.40219.1
Project("{FAE04EC0-301F-11D3-BF4B-00C04F79EFBC}") = "HonorarRechner.Core", "HonorarRechner.Core\HonorarRechner.Core.csproj", "{92E7B281-8574-4177-BECC-E9A904B7C5E3}"
EndProject
Global
	GlobalSection(SolutionConfigurationPlatforms) = preSolution
		Debug|Any CPU = Debug|Any CPU
		Release|Any CPU = Release|Any CPU
	EndGlobalSection
	GlobalSection(ProjectConfigurationPlatforms) = postSolution
		{92E7B281-8574-4177-BECC-E9A904B7C5E3}.Debug|Any CPU.ActiveCfg = Debug|Any CPU
		{92E7B281-8574-4177-BECC-E9A904B7C5E3}.Debug|Any CPU.Build.0 = Debug|Any CPU
		{92E7B281-8574-4177-BECC-E9A904B7C5E3}.Release|Any CPU.ActiveCfg = Release|Any CPU
		{92E7B281-8574-4177-BECC-E9A904B7C5E3}.Release|Any CPU.Build.0 = Release|Any CPU
	EndGlobalSection
	GlobalSection(SolutionProperties) = preSolution
		HideSolutionNode = FALSE
	EndGlobalSection
	GlobalSection(ExtensibilityGlobals) = postSolution
		SolutionGuid = {3E2F9EC6-3CC2-4F1A-ABE6-6FDD77C02D34}
	EndGlobalSection
EndGlobal
